
Microsoft Visual Studio Solution File, Format Version 12.00
# Visual Studio Version 17
VisualStudioVersion = 17.10.34928.147
MinimumVisualStudioVersion = 10.0.40219.1
Project("{FAE04EC0-301F-11D3-BF4B-00C04F79EFBC}") = "azure-dev-ops-test-app", "azure-dev-ops-test-app.csproj", "{083631D5-4FEA-4A3D-BEA5-CD5F2FF1072F}"
EndProject
Global
	GlobalSection(SolutionConfigurationPlatforms) = preSolution
		Debug|Any CPU = Debug|Any CPU
		Release|Any CPU = Release|Any CPU
	EndGlobalSection
	GlobalSection(ProjectConfigurationPlatforms) = postSolution
		{083631D5-4FEA-4A3D-BEA5-CD5F2FF1072F}.Debug|Any CPU.ActiveCfg = Debug|Any CPU
		{083631D5-4FEA-4A3D-BEA5-CD5F2FF1072F}.Debug|Any CPU.Build.0 = Debug|Any CPU
		{083631D5-4FEA-4A3D-BEA5-CD5F2FF1072F}.Release|Any CPU.ActiveCfg = Release|Any CPU
		{083631D5-4FEA-4A3D-BEA5-CD5F2FF1072F}.Release|Any CPU.Build.0 = Release|Any CPU
	EndGlobalSection
	GlobalSection(SolutionProperties) = preSolution
		HideSolutionNode = FALSE
	EndGlobalSection
	GlobalSection(ExtensibilityGlobals) = postSolution
		SolutionGuid = {5F1D08E3-56E8-46A1-BB9E-D5E542F2D3FA}
	EndGlobalSection
EndGlobal
